// !$*UTF8*$!
{
	archiveVersion = 1;
	classes = {
	};
	objectVersion = 52;
	objects = {

/* Begin PBXBuildFile section */
		4A6A261B26D172D5007F5FB5 /* ApiFetch.swift in Sources */ = {isa = PBXBuildFile; fileRef = 4A6A261A26D172D5007F5FB5 /* ApiFetch.swift */; };
		4AAF09C226D2429800AA2351 /* SDWebImageSwiftUI in Frameworks */ = {isa = PBXBuildFile; productRef = 4AAF09C126D2429800AA2351 /* SDWebImageSwiftUI */; };
		4ABDCB0926D12271003B7998 /* SwitUiPrepApp.swift in Sources */ = {isa = PBXBuildFile; fileRef = 4ABDCB0826D12271003B7998 /* SwitUiPrepApp.swift */; };
		4ABDCB0B26D12271003B7998 /* ContentView.swift in Sources */ = {isa = PBXBuildFile; fileRef = 4ABDCB0A26D12271003B7998 /* ContentView.swift */; };
		4ABDCB0D26D12272003B7998 /* Assets.xcassets in Resources */ = {isa = PBXBuildFile; fileRef = 4ABDCB0C26D12272003B7998 /* Assets.xcassets */; };
		4ABDCB1026D12272003B7998 /* Preview Assets.xcassets in Resources */ = {isa = PBXBuildFile; fileRef = 4ABDCB0F26D12272003B7998 /* Preview Assets.xcassets */; };
/* End PBXBuildFile section */

/* Begin PBXFileReference section */
		4A6A261A26D172D5007F5FB5 /* ApiFetch.swift */ = {isa = PBXFileReference; lastKnownFileType = sourcecode.swift; path = ApiFetch.swift; sourceTree = "<group>"; };
		4ABDCB0526D12271003B7998 /* SwitUiPrep.app */ = {isa = PBXFileReference; explicitFileType = wrapper.application; includeInIndex = 0; path = SwitUiPrep.app; sourceTree = BUILT_PRODUCTS_DIR; };
		4ABDCB0826D12271003B7998 /* SwitUiPrepApp.swift */ = {isa = PBXFileReference; lastKnownFileType = sourcecode.swift; path = SwitUiPrepApp.swift; sourceTree = "<group>"; };
		4ABDCB0A26D12271003B7998 /* ContentView.swift */ = {isa = PBXFileReference; lastKnownFileType = sourcecode.swift; path = ContentView.swift; sourceTree = "<group>"; };
		4ABDCB0C26D12272003B7998 /* Assets.xcassets */ = {isa = PBXFileReference; lastKnownFileType = folder.assetcatalog; path = Assets.xcassets; sourceTree = "<group>"; };
		4ABDCB0F26D12272003B7998 /* Preview Assets.xcassets */ = {isa = PBXFileReference; lastKnownFileType = folder.assetcatalog; path = "Preview Assets.xcassets"; sourceTree = "<group>"; };
		4ABDCB1126D12272003B7998 /* Info.plist */ = {isa = PBXFileReference; lastKnownFileType = text.plist.xml; path = Info.plist; sourceTree = "<group>"; };
/* End PBXFileReference section */

/* Begin PBXFrameworksBuildPhase section */
		4ABDCB0226D12271003B7998 /* Frameworks */ = {
			isa = PBXFrameworksBuildPhase;
			buildActionMask = 2147483647;
			files = (
				4AAF09C226D2429800AA2351 /* SDWebImageSwiftUI in Frameworks */,
			);
			runOnlyForDeploymentPostprocessing = 0;
		};
/* End PBXFrameworksBuildPhase section */

/* Begin PBXGroup section */
		4AAF09C326D251D800AA2351 /* screenshots */ = {
			isa = PBXGroup;
			children = (
			);
			path = screenshots;
			sourceTree = "<group>";
		};
		4ABDCAFC26D12271003B7998 = {
			isa = PBXGroup;
			children = (
				4AAF09C326D251D800AA2351 /* screenshots */,
				4ABDCB0726D12271003B7998 /* SwitUiPrep */,
				4ABDCB0626D12271003B7998 /* Products */,
			);
			sourceTree = "<group>";
		};
		4ABDCB0626D12271003B7998 /* Products */ = {
			isa = PBXGroup;
			children = (
				4ABDCB0526D12271003B7998 /* SwitUiPrep.app */,
			);
			name = Products;
			sourceTree = "<group>";
		};
		4ABDCB0726D12271003B7998 /* SwitUiPrep */ = {
			isa = PBXGroup;
			children = (
				4ABDCB0826D12271003B7998 /* SwitUiPrepApp.swift */,
				4ABDCB0A26D12271003B7998 /* ContentView.swift */,
				4ABDCB0C26D12272003B7998 /* Assets.xcassets */,
				4ABDCB1126D12272003B7998 /* Info.plist */,
				4ABDCB0E26D12272003B7998 /* Preview Content */,
				4A6A261A26D172D5007F5FB5 /* ApiFetch.swift */,
			);
			path = SwitUiPrep;
			sourceTree = "<group>";
		};
		4ABDCB0E26D12272003B7998 /* Preview Content */ = {
			isa = PBXGroup;
			children = (
				4ABDCB0F26D12272003B7998 /* Preview Assets.xcassets */,
			);
			path = "Preview Content";
			sourceTree = "<group>";
		};
/* End PBXGroup section */

/* Begin PBXNativeTarget section */
		4ABDCB0426D12271003B7998 /* SwitUiPrep */ = {
			isa = PBXNativeTarget;
			buildConfigurationList = 4ABDCB1426D12272003B7998 /* Build configuration list for PBXNativeTarget "SwitUiPrep" */;
			buildPhases = (
				4ABDCB0126D12271003B7998 /* Sources */,
				4ABDCB0226D12271003B7998 /* Frameworks */,
				4ABDCB0326D12271003B7998 /* Resources */,
			);
			buildRules = (
			);
			dependencies = (
			);
			name = SwitUiPrep;
			packageProductDependencies = (
				4AAF09C126D2429800AA2351 /* SDWebImageSwiftUI */,
			);
			productName = SwitUiPrep;
			productReference = 4ABDCB0526D12271003B7998 /* SwitUiPrep.app */;
			productType = "com.apple.product-type.application";
		};
/* End PBXNativeTarget section */

/* Begin PBXProject section */
		4ABDCAFD26D12271003B7998 /* Project object */ = {
			isa = PBXProject;
			attributes = {
				LastSwiftUpdateCheck = 1250;
				LastUpgradeCheck = 1250;
				TargetAttributes = {
					4ABDCB0426D12271003B7998 = {
						CreatedOnToolsVersion = 12.5.1;
					};
				};
			};
			buildConfigurationList = 4ABDCB0026D12271003B7998 /* Build configuration list for PBXProject "SwitUiPrep" */;
			compatibilityVersion = "Xcode 9.3";
			developmentRegion = en;
			hasScannedForEncodings = 0;
			knownRegions = (
				en,
				Base,
			);
			mainGroup = 4ABDCAFC26D12271003B7998;
			packageReferences = (
				4AAF09BD26D23DA700AA2351 /* XCRemoteSwiftPackageReference "SwURL" */,
				4AAF09C026D2429800AA2351 /* XCRemoteSwiftPackageReference "SDWebImageSwiftUI" */,
			);
			productRefGroup = 4ABDCB0626D12271003B7998 /* Products */;
			projectDirPath = "";
			projectRoot = "";
			targets = (
				4ABDCB0426D12271003B7998 /* SwitUiPrep */,
			);
		};
/* End PBXProject section */

/* Begin PBXResourcesBuildPhase section */
		4ABDCB0326D12271003B7998 /* Resources */ = {
			isa = PBXResourcesBuildPhase;
			buildActionMask = 2147483647;
			files = (
				4ABDCB1026D12272003B7998 /* Preview Assets.xcassets in Resources */,
				4ABDCB0D26D12272003B7998 /* Assets.xcassets in Resources */,
			);
			runOnlyForDeploymentPostprocessing = 0;
		};
/* End PBXResourcesBuildPhase section */

/* Begin PBXSourcesBuildPhase section */
		4ABDCB0126D12271003B7998 /* Sources */ = {
			isa = PBXSourcesBuildPhase;
			buildActionMask = 2147483647;
			files = (
				4ABDCB0B26D12271003B7998 /* ContentView.swift in Sources */,
				4A6A261B26D172D5007F5FB5 /* ApiFetch.swift in Sources */,
				4ABDCB0926D12271003B7998 /* SwitUiPrepApp.swift in Sources */,
			);
			runOnlyForDeploymentPostprocessing = 0;
		};
/* End PBXSourcesBuildPhase section */

/* Begin XCBuildConfiguration section */
		4ABDCB1226D12272003B7998 /* Debug */ = {
			isa = XCBuildConfiguration;
			buildSettings = {
				ALWAYS_SEARCH_USER_PATHS = NO;
				CLANG_ANALYZER_NONNULL = YES;
				CLANG_ANALYZER_NUMBER_OBJECT_CONVERSION = YES_AGGRESSIVE;
				CLANG_CXX_LANGUAGE_STANDARD = "gnu++14";
				CLANG_CXX_LIBRARY = "libc++";
				CLANG_ENABLE_MODULES = YES;
				CLANG_ENABLE_OBJC_ARC = YES;
				CLANG_ENABLE_OBJC_WEAK = YES;
				CLANG_WARN_BLOCK_CAPTURE_AUTORELEASING = YES;
				CLANG_WARN_BOOL_CONVERSION = YES;
				CLANG_WARN_COMMA = YES;
				CLANG_WARN_CONSTANT_CONVERSION = YES;
				CLANG_WARN_DEPRECATED_OBJC_IMPLEMENTATIONS = YES;
				CLANG_WARN_DIRECT_OBJC_ISA_USAGE = YES_ERROR;
				CLANG_WARN_DOCUMENTATION_COMMENTS = YES;
				CLANG_WARN_EMPTY_BODY = YES;
				CLANG_WARN_ENUM_CONVERSION = YES;
				CLANG_WARN_INFINITE_RECURSION = YES;
				CLANG_WARN_INT_CONVERSION = YES;
				CLANG_WARN_NON_LITERAL_NULL_CONVERSION = YES;
				CLANG_WARN_OBJC_IMPLICIT_RETAIN_SELF = YES;
				CLANG_WARN_OBJC_LITERAL_CONVERSION = YES;
				CLANG_WARN_OBJC_ROOT_CLASS = YES_ERROR;
				CLANG_WARN_QUOTED_INCLUDE_IN_FRAMEWORK_HEADER = YES;
				CLANG_WARN_RANGE_LOOP_ANALYSIS = YES;
				CLANG_WARN_STRICT_PROTOTYPES = YES;
				CLANG_WARN_SUSPICIOUS_MOVE = YES;
				CLANG_WARN_UNGUARDED_AVAILABILITY = YES_AGGRESSIVE;
				CLANG_WARN_UNREACHABLE_CODE = YES;
				CLANG_WARN__DUPLICATE_METHOD_MATCH = YES;
				COPY_PHASE_STRIP = NO;
				DEBUG_INFORMATION_FORMAT = dwarf;
				ENABLE_STRICT_OBJC_MSGSEND = YES;
				ENABLE_TESTABILITY = YES;
				GCC_C_LANGUAGE_STANDARD = gnu11;
				GCC_DYNAMIC_NO_PIC = NO;
				GCC_NO_COMMON_BLOCKS = YES;
				GCC_OPTIMIZATION_LEVEL = 0;
				GCC_PREPROCESSOR_DEFINITIONS = (
					"DEBUG=1",
					"$(inherited)",
				);
				GCC_WARN_64_TO_32_BIT_CONVERSION = YES;
				GCC_WARN_ABOUT_RETURN_TYPE = YES_ERROR;
				GCC_WARN_UNDECLARED_SELECTOR = YES;
				GCC_WARN_UNINITIALIZED_AUTOS = YES_AGGRESSIVE;
				GCC_WARN_UNUSED_FUNCTION = YES;
				GCC_WARN_UNUSED_VARIABLE = YES;
				IPHONEOS_DEPLOYMENT_TARGET = 14.5;
				MTL_ENABLE_DEBUG_INFO = INCLUDE_SOURCE;
				MTL_FAST_MATH = YES;
				ONLY_ACTIVE_ARCH = YES;
				SDKROOT = iphoneos;
				SWIFT_ACTIVE_COMPILATION_CONDITIONS = DEBUG;
				SWIFT_OPTIMIZATION_LEVEL = "-Onone";
			};
			name = Debug;
		};
		4ABDCB1326D12272003B7998 /* Release */ = {
			isa = XCBuildConfiguration;
			buildSettings = {
				ALWAYS_SEARCH_USER_PATHS = NO;
				CLANG_ANALYZER_NONNULL = YES;
				CLANG_ANALYZER_NUMBER_OBJECT_CONVERSION = YES_AGGRESSIVE;
				CLANG_CXX_LANGUAGE_STANDARD = "gnu++14";
				CLANG_CXX_LIBRARY = "libc++";
				CLANG_ENABLE_MODULES = YES;
				CLANG_ENABLE_OBJC_ARC = YES;
				CLANG_ENABLE_OBJC_WEAK = YES;
				CLANG_WARN_BLOCK_CAPTURE_AUTORELEASING = YES;
				CLANG_WARN_BOOL_CONVERSION = YES;
				CLANG_WARN_COMMA = YES;
				CLANG_WARN_CONSTANT_CONVERSION = YES;
				CLANG_WARN_DEPRECATED_OBJC_IMPLEMENTATIONS = YES;
				CLANG_WARN_DIRECT_OBJC_ISA_USAGE = YES_ERROR;
				CLANG_WARN_DOCUMENTATION_COMMENTS = YES;
				CLANG_WARN_EMPTY_BODY = YES;
				CLANG_WARN_ENUM_CONVERSION = YES;
				CLANG_WARN_INFINITE_RECURSION = YES;
				CLANG_WARN_INT_CONVERSION = YES;
				CLANG_WARN_NON_LITERAL_NULL_CONVERSION = YES;
				CLANG_WARN_OBJC_IMPLICIT_RETAIN_SELF = YES;
				CLANG_WARN_OBJC_LITERAL_CONVERSION = YES;
				CLANG_WARN_OBJC_ROOT_CLASS = YES_ERROR;
				CLANG_WARN_QUOTED_INCLUDE_IN_FRAMEWORK_HEADER = YES;
				CLANG_WARN_RANGE_LOOP_ANALYSIS = YES;
				CLANG_WARN_STRICT_PROTOTYPES = YES;
				CLANG_WARN_SUSPICIOUS_MOVE = YES;
				CLANG_WARN_UNGUARDED_AVAILABILITY = YES_AGGRESSIVE;
				CLANG_WARN_UNREACHABLE_CODE = YES;
				CLANG_WARN__DUPLICATE_METHOD_MATCH = YES;
				COPY_PHASE_STRIP = NO;
				DEBUG_INFORMATION_FORMAT = "dwarf-with-dsym";
				ENABLE_NS_ASSERTIONS = NO;
				ENABLE_STRICT_OBJC_MSGSEND = YES;
				GCC_C_LANGUAGE_STANDARD = gnu11;
				GCC_NO_COMMON_BLOCKS = YES;
				GCC_WARN_64_TO_32_BIT_CONVERSION = YES;
				GCC_WARN_ABOUT_RETURN_TYPE = YES_ERROR;
				GCC_WARN_UNDECLARED_SELECTOR = YES;
				GCC_WARN_UNINITIALIZED_AUTOS = YES_AGGRESSIVE;
				GCC_WARN_UNUSED_FUNCTION = YES;
				GCC_WARN_UNUSED_VARIABLE = YES;
				IPHONEOS_DEPLOYMENT_TARGET = 14.5;
				MTL_ENABLE_DEBUG_INFO = NO;
				MTL_FAST_MATH = YES;
				SDKROOT = iphoneos;
				SWIFT_COMPILATION_MODE = wholemodule;
				SWIFT_OPTIMIZATION_LEVEL = "-O";
				VALIDATE_PRODUCT = YES;
			};
			name = Release;
		};
		4ABDCB1526D12272003B7998 /* Debug */ = {
			isa = XCBuildConfiguration;
			buildSettings = {
				ASSETCATALOG_COMPILER_APPICON_NAME = AppIcon;
				ASSETCATALOG_COMPILER_GLOBAL_ACCENT_COLOR_NAME = AccentColor;
				CODE_SIGN_STYLE = Automatic;
				DEVELOPMENT_ASSET_PATHS = "\"SwitUiPrep/Preview Content\"";
				ENABLE_PREVIEWS = YES;
				INFOPLIST_FILE = SwitUiPrep/Info.plist;
				IPHONEOS_DEPLOYMENT_TARGET = 14.0;
				LD_RUNPATH_SEARCH_PATHS = (
					"$(inherited)",
					"@executable_path/Frameworks",
				);
				PRODUCT_BUNDLE_IDENTIFIER = dev.ronnie.SwitUiPrep;
				PRODUCT_NAME = "$(TARGET_NAME)";
				SWIFT_VERSION = 5.0;
				TARGETED_DEVICE_FAMILY = "1,2";
			};
			name = Debug;
		};
		4ABDCB1626D12272003B7998 /* Release */ = {
			isa = XCBuildConfiguration;
			buildSettings = {
				ASSETCATALOG_COMPILER_APPICON_NAME = AppIcon;
				ASSETCATALOG_COMPILER_GLOBAL_ACCENT_COLOR_NAME = AccentColor;
				CODE_SIGN_STYLE = Automatic;
				DEVELOPMENT_ASSET_PATHS = "\"SwitUiPrep/Preview Content\"";
				ENABLE_PREVIEWS = YES;
				INFOPLIST_FILE = SwitUiPrep/Info.plist;
				IPHONEOS_DEPLOYMENT_TARGET = 14.0;
				LD_RUNPATH_SEARCH_PATHS = (
					"$(inherited)",
					"@executable_path/Frameworks",
				);
				PRODUCT_BUNDLE_IDENTIFIER = dev.ronnie.SwitUiPrep;
				PRODUCT_NAME = "$(TARGET_NAME)";
				SWIFT_VERSION = 5.0;
				TARGETED_DEVICE_FAMILY = "1,2";
			};
			name = Release;
		};
/* End XCBuildConfiguration section */

/* Begin XCConfigurationList section */
		4ABDCB0026D12271003B7998 /* Build configuration list for PBXProject "SwitUiPrep" */ = {
			isa = XCConfigurationList;
			buildConfigurations = (
				4ABDCB1226D12272003B7998 /* Debug */,
				4ABDCB1326D12272003B7998 /* Release */,
			);
			defaultConfigurationIsVisible = 0;
			defaultConfigurationName = Release;
		};
		4ABDCB1426D12272003B7998 /* Build configuration list for PBXNativeTarget "SwitUiPrep" */ = {
			isa = XCConfigurationList;
			buildConfigurations = (
				4ABDCB1526D12272003B7998 /* Debug */,
				4ABDCB1626D12272003B7998 /* Release */,
			);
			defaultConfigurationIsVisible = 0;
			defaultConfigurationName = Release;
		};
/* End XCConfigurationList section */

/* Begin XCRemoteSwiftPackageReference section */
		4AAF09BD26D23DA700AA2351 /* XCRemoteSwiftPackageReference "SwURL" */ = {
			isa = XCRemoteSwiftPackageReference;
			repositoryURL = "https://github.com/cmtrounce/SwURL";
			requirement = {
				kind = upToNextMajorVersion;
				minimumVersion = 0.4.1;
			};
		};
		4AAF09C026D2429800AA2351 /* XCRemoteSwiftPackageReference "SDWebImageSwiftUI" */ = {
			isa = XCRemoteSwiftPackageReference;
			repositoryURL = "https://github.com/SDWebImage/SDWebImageSwiftUI";
			requirement = {
				kind = upToNextMajorVersion;
				minimumVersion = 2.0.2;
			};
		};
/* End XCRemoteSwiftPackageReference section */

/* Begin XCSwiftPackageProductDependency section */
		4AAF09C126D2429800AA2351 /* SDWebImageSwiftUI */ = {
			isa = XCSwiftPackageProductDependency;
			package = 4AAF09C026D2429800AA2351 /* XCRemoteSwiftPackageReference "SDWebImageSwiftUI" */;
			productName = SDWebImageSwiftUI;
		};
/* End XCSwiftPackageProductDependency section */
	};
	rootObject = 4ABDCAFD26D12271003B7998 /* Project object */;
}
